{
"romkatv/powerlevel10k":
{
  "url": "https://github.com/romkatv/powerlevel10k",
  "rev": "178fcda3487afb3bd540d784cf472c60ec0de94a",
  "date": "2024-04-08T23:12:31-07:00",
  "path": "/nix/store/54mwlxylq7cydd0sam0c9n28hy9iwinn-powerlevel10k",
  "sha256": "1dq2mr9hjxx84f79i5bw7p42jl2279jalya98s3zh8c5hssrr6dd",
  "hash": "sha256-rZmctYaFIfiHRkl5qmQ6QlApyD18lZiOI6h3CVOuArc=",
  "fetchLFS": false,
  "fetchSubmodules": false,
  "deepClone": false,
  "leaveDotGit": true
}
,
"MichaelAquilina/zsh-you-should-use":
{
  "url": "https://github.com/MichaelAquilina/zsh-you-should-use",
  "rev": "1f9cb008076d4f2011d5f814dfbcfbece94a99e0",
  "date": "2023-04-19T18:45:46+01:00",
  "path": "/nix/store/91dwkllh0x919rk1flkl0iikrgwy6lq3-zsh-you-should-use",
  "sha256": "0qgfjpygy6m6q888ryyg1x4kqsayjw9c2p7nans85p96xv0hc3gl",
  "hash": "sha256-9A0Gwe4m3YK0VfZcwRKXXmk8SQ/P+4wQwqYa//yV7mE=",
  "fetchLFS": false,
  "fetchSubmodules": false,
  "deepClone": false,
  "leaveDotGit": true
}
,
"MichaelAquilina/zsh-auto-notify":
{
  "url": "https://github.com/MichaelAquilina/zsh-auto-notify",
  "rev": "f4766d6981c8917af5c8347609d983c22e9cfccc",
  "date": "2024-02-08T15:33:32+00:00",
  "path": "/nix/store/r71m3f0vxsb3yiii8yhvc19vm4aymqih-zsh-auto-notify",
  "sha256": "0l855ha35an5n8kirxa4ps3yzjmcfda4073d50c84mwznc46a4dl",
  "hash": "sha256-tBFlCLOfV4IYKG0cQFRzrMrvh75E9RwnssWqMhQsBVE=",
  "fetchLFS": false,
  "fetchSubmodules": false,
  "deepClone": false,
  "leaveDotGit": true
}
,
"zsh-users/zsh-syntax-highlighting":
{
  "url": "https://github.com/zsh-users/zsh-syntax-highlighting",
  "rev": "e0165eaa730dd0fa321a6a6de74f092fe87630b0",
  "date": "2024-01-06T12:36:52-06:00",
  "path": "/nix/store/dj9yimjxn9hrmcfcl1l4birpc3ggxx05-zsh-syntax-highlighting",
  "sha256": "0r9a6ddrbjwkb9ga9apis8csapp3ax9fkkvqq3s746rgz36hcp3k",
  "hash": "sha256-c1wGzfgvG3L0wHjP6VJX416lGdLxqqReWpPLlVszKmU=",
  "fetchLFS": false,
  "fetchSubmodules": false,
  "deepClone": false,
  "leaveDotGit": true
}
,
"zsh-users/zsh-autosuggestions":
{
  "url": "https://github.com/zsh-users/zsh-autosuggestions",
  "rev": "c3d4e576c9c86eac62884bd47c01f6faed043fc5",
  "date": "2023-09-07T08:58:48-06:00",
  "path": "/nix/store/rmbn5zhrcj4jld4is4bp8scqfgys93nb-zsh-autosuggestions",
  "sha256": "1gwdf73f5mwyf7m7wxh4iy7p2wdw48b1izrglhv4d9sqr2jrl8b2",
  "hash": "sha256-YiGapchYp0Y2pC//GBYivHFxj48Edn7qcZ7X4sZxjb8=",
  "fetchLFS": false,
  "fetchSubmodules": false,
  "deepClone": false,
  "leaveDotGit": true
}
,
"bilelmoussaoui/flatpak-zsh-completion":
{
  "url": "https://github.com/bilelmoussaoui/flatpak-zsh-completion",
  "rev": "de6a0758a374b257bfd0b060a34bc0a951e91b84",
  "date": "2019-04-01T14:32:24+02:00",
  "path": "/nix/store/p3k6y6yj5mq5cf6kvs0viw091g2rhqg0-flatpak-zsh-completion",
  "sha256": "06wda67szpdadfqhsaymk3wvfwg6sdqc20bxhzrc6cgs3292m5i2",
  "hash": "sha256-IpYqkhj6McPyh30BwXDT5nG3+ZjVKw2xa6rdr49RjRs=",
  "fetchLFS": false,
  "fetchSubmodules": false,
  "deepClone": false,
  "leaveDotGit": true
}
,
"nix-community/nix-zsh-completions":
{
  "url": "https://github.com/nix-community/nix-zsh-completions",
  "rev": "6e782b97091b07eb849b58953eb200ccc56ef833",
  "date": "2024-03-14T20:06:18+00:00",
  "path": "/nix/store/dc4xm0c0vvbgqxxigwp3jp6ncf2sxrq6-nix-zsh-completions",
  "sha256": "0bvibhazji9x6jmvv2fnl5jsv90gwq6xbn6zb6zx6srn5wxzzv22",
  "hash": "sha256-Quz/Oy82a9O/Wd/Y1Q3mD6StZaHWib2rND1F+RVccS8=",
  "fetchLFS": false,
  "fetchSubmodules": false,
  "deepClone": false,
  "leaveDotGit": true
}
,
"chisui/zsh-nix-shell":
{
  "url": "https://github.com/chisui/zsh-nix-shell",
  "rev": "82ca15e638cc208e6d8368e34a1625ed75e08f90",
  "date": "2023-12-31T14:16:33+01:00",
  "path": "/nix/store/kb2pcqzhgx79a42rr0gwzbw2w8khwsl6-zsh-nix-shell",
  "sha256": "0vcb1ha23n2kll65p9sic6lib0mn9fqawy81nz8hdv4wjxaxqn59",
  "hash": "sha256-qVjcVZec7AbRtwF5rrBLtoIVqWFRp1sMpVPYIRQMi20=",
  "fetchLFS": false,
  "fetchSubmodules": false,
  "deepClone": false,
  "leaveDotGit": true
}
,
"zuxfoucault/colored-man-pages_mod":
{
  "url": "https://github.com/zuxfoucault/colored-man-pages_mod",
  "rev": "6a01b132b2c34e8da7a410c45f44d213444de869",
  "date": "2016-12-22T12:17:39+08:00",
  "path": "/nix/store/l6vycf0zivs99263cx10593823xdin6c-colored-man-pages_mod",
  "sha256": "1rh8raw1x54y330225bpk71x2hyyfd6pdxzaj7i300ah18pln4q3",
  "hash": "sha256-AxNLLwpQATDiker3dk1z3kPRw5l3FSHAGJ6UHrjKCOY=",
  "fetchLFS": false,
  "fetchSubmodules": false,
  "deepClone": false,
  "leaveDotGit": true
}
,
"desyncr/auto-ls":
{
  "url": "https://github.com/desyncr/auto-ls",
  "rev": "a7a7e6c16407a3c4a46319f5f111a827468a0943",
  "date": "2022-08-20T21:50:56+01:00",
  "path": "/nix/store/sga0d3wvkaxznxrw0jbdnh2993v6r5d2-auto-ls",
  "sha256": "06jk6rv79q5pswkdxq5fc7f0gmpvvxjvh6012vgc5r37klf0yd4b",
  "hash": "sha256-izQPHJ1n5MLeFgEYuGXf+9YH3GGu4N4m17fgdHY2Uxo=",
  "fetchLFS": false,
  "fetchSubmodules": false,
  "deepClone": false,
  "leaveDotGit": true
}
,
"thesola10/zsh-comma-assistant":
{
  "url": "https://github.com/thesola10/zsh-comma-assistant",
  "rev": "19ef02ad7faf054a77e0386175e1b7cf6fdd3e38",
  "date": "2024-04-08T13:18:06+02:00",
  "path": "/nix/store/lkvh4z7i1j0m836ib4vckx065x9kl4gi-zsh-comma-assistant",
  "sha256": "1isw08ak0hjgqy62v7lb1qp8f6s00spa4s5ij5ivsqrkz8m8kfxf",
  "hash": "sha256-rruJKvozY71jkbFooq4GQBuHLg6Lni2Mx09CMBUCXMc=",
  "fetchLFS": false,
  "fetchSubmodules": false,
  "deepClone": false,
  "leaveDotGit": true
}
,
"robbyrussell/oh-my-zsh":
{
  "url": "https://github.com/robbyrussell/oh-my-zsh",
  "rev": "7ef3f49f97ff34db3785b1cea444eb4972b1937b",
  "date": "2024-04-16T20:04:25+02:00",
  "path": "/nix/store/4w8d8lhkck83wanl0av196qdi166qrpx-oh-my-zsh",
  "sha256": "01dkzys5qwggpg0zhha6pnpy6liipxy29wk7a1z0pimb4740r31j",
  "hash": "sha256-MowMyCGrxgt+UGfyJHy/MVLjr71GQfjBu+9xXLT/swU=",
  "fetchLFS": false,
  "fetchSubmodules": false,
  "deepClone": false,
  "leaveDotGit": true
}
}
